{
  "name": "swagger-autogen",
  "version": "1.0.0",
  "lockfileVersion": 1,
  "requires": true,
  "dependencies": {
    "antlr4": {
      "version": "4.8.0",
      "resolved": "https://registry.npmjs.org/antlr4/-/antlr4-4.8.0.tgz",
      "integrity": "sha512-en/MxQ4OkPgGJQ3wD/muzj1uDnFSzdFIhc2+c6bHZokWkuBb6RRvFjpWhPxWLbgQvaEzldJZ0GSQpfSAaE3hqg=="
    },
    "joi-to-swagger": {
      "version": "6.0.1",
      "resolved": "https://registry.npmjs.org/joi-to-swagger/-/joi-to-swagger-6.0.1.tgz",
      "integrity": "sha512-CHiTrj1rbvlKAth7mLFE4nSX2p9zaTMin2JDf0NmvMuzDsB0WjlXqH5IDQGuU2ecfJG8Ldz2E0w51t/CjBfKGQ==",
      "requires": {
        "lodash": "^4.17.21"
      }
    },
    "lodash": {
      "version": "4.17.21",
      "resolved": "https://registry.npmjs.org/lodash/-/lodash-4.17.21.tgz",
      "integrity": "sha512-v2kDEe57lecTulaDIuNTPy3Ry4gLGJ6Z1O3vE1krgXZNrsQ+LFTGHVxVjcXPs17LhbZVGedAJv8XZ1tvj5FvSg=="
    },
    "path-to-regexp": {
      "version": "6.2.1",
      "resolved": "https://registry.npmjs.org/path-to-regexp/-/path-to-regexp-6.2.1.tgz",
      "integrity": "sha512-JLyh7xT1kizaEvcaXOQwOc2/Yhw6KZOvPf1S8401UyLk86CU79LN3vl7ztXGm/pZ+YjoyAJ4rxmHwbkBXJX+yw=="
    },
    "swagger-ui-dist": {
      "version": "4.12.0",
      "resolved": "https://registry.npmjs.org/swagger-ui-dist/-/swagger-ui-dist-4.12.0.tgz",
      "integrity": "sha512-B0Iy2ueXtbByE6OOyHTi3lFQkpPi/L7kFOKFeKTr44za7dJIELa9kzaca6GkndCgpK1QTjArnoXG+aUy0XQp1w=="
    },
    "swagger-ui-express": {
      "version": "4.4.0",
      "resolved": "https://registry.npmjs.org/swagger-ui-express/-/swagger-ui-express-4.4.0.tgz",
      "integrity": "sha512-1CzRkHG386VQMVZK406jcpgnW2a9A5A/NiAjKhsFTQqUBWRF+uGbXTU/mA7WSV3mTzyOQDvjBdWP/c2qd5lqKw==",
      "requires": {
        "swagger-ui-dist": ">=4.11.0"
      }
    }
  }
}
